
Microsoft Visual Studio Solution File, Format Version 12.00
# Visual Studio Version 17
VisualStudioVersion = 17.3.32825.248
MinimumVisualStudioVersion = 10.0.40219.1
Project("{FAE04EC0-301F-11D3-BF4B-00C04F79EFBC}") = "практика 2", "практика 2.csproj", "{B52A1CB9-ABE2-48E2-A416-0745F9932F04}"
EndProject
Global
	GlobalSection(SolutionConfigurationPlatforms) = preSolution
		Debug|Any CPU = Debug|Any CPU
		Release|Any CPU = Release|Any CPU
	EndGlobalSection
	GlobalSection(ProjectConfigurationPlatforms) = postSolution
		{B52A1CB9-ABE2-48E2-A416-0745F9932F04}.Debug|Any CPU.ActiveCfg = Debug|Any CPU
		{B52A1CB9-ABE2-48E2-A416-0745F9932F04}.Debug|Any CPU.Build.0 = Debug|Any CPU
		{B52A1CB9-ABE2-48E2-A416-0745F9932F04}.Release|Any CPU.ActiveCfg = Release|Any CPU
		{B52A1CB9-ABE2-48E2-A416-0745F9932F04}.Release|Any CPU.Build.0 = Release|Any CPU
	EndGlobalSection
	GlobalSection(SolutionProperties) = preSolution
		HideSolutionNode = FALSE
	EndGlobalSection
	GlobalSection(ExtensibilityGlobals) = postSolution
		SolutionGuid = {01E1CB62-F8CA-404D-ADA2-4BB9AD96175B}
	EndGlobalSection
EndGlobal
